
Microsoft Visual Studio Solution File, Format Version 12.00
# Visual Studio Version 16
VisualStudioVersion = 16.0.31624.102
MinimumVisualStudioVersion = 10.0.40219.1
Project("{FAE04EC0-301F-11D3-BF4B-00C04F79EFBC}") = "2022_02_21_OrvosiNobelDijjasok", "2022_02_21_OrvosiNobelDijjasok\2022_02_21_OrvosiNobelDijjasok.csproj", "{EA71700C-CA66-4C69-88B8-EF7E63C7D470}"
EndProject
Global
	GlobalSection(SolutionConfigurationPlatforms) = preSolution
		Debug|Any CPU = Debug|Any CPU
		Release|Any CPU = Release|Any CPU
	EndGlobalSection
	GlobalSection(ProjectConfigurationPlatforms) = postSolution
		{EA71700C-CA66-4C69-88B8-EF7E63C7D470}.Debug|Any CPU.ActiveCfg = Debug|Any CPU
		{EA71700C-CA66-4C69-88B8-EF7E63C7D470}.Debug|Any CPU.Build.0 = Debug|Any CPU
		{EA71700C-CA66-4C69-88B8-EF7E63C7D470}.Release|Any CPU.ActiveCfg = Release|Any CPU
		{EA71700C-CA66-4C69-88B8-EF7E63C7D470}.Release|Any CPU.Build.0 = Release|Any CPU
	EndGlobalSection
	GlobalSection(SolutionProperties) = preSolution
		HideSolutionNode = FALSE
	EndGlobalSection
	GlobalSection(ExtensibilityGlobals) = postSolution
		SolutionGuid = {E4C160AD-F979-479E-901B-6CA8484477F2}
	EndGlobalSection
EndGlobal
